
Microsoft Visual Studio Solution File, Format Version 12.00
# Visual Studio Version 16
VisualStudioVersion = 16.0.30204.135
MinimumVisualStudioVersion = 10.0.40219.1
Project("{FAE04EC0-301F-11D3-BF4B-00C04F79EFBC}") = "ManagementDecorShin", "ManagementDecorShin\ManagementDecorShin.csproj", "{90E0C934-1BA1-413A-B259-DDD792D07ADD}"
EndProject
Global
	GlobalSection(SolutionConfigurationPlatforms) = preSolution
		Debug|Any CPU = Debug|Any CPU
		Release|Any CPU = Release|Any CPU
	EndGlobalSection
	GlobalSection(ProjectConfigurationPlatforms) = postSolution
		{90E0C934-1BA1-413A-B259-DDD792D07ADD}.Debug|Any CPU.ActiveCfg = Debug|Any CPU
		{90E0C934-1BA1-413A-B259-DDD792D07ADD}.Debug|Any CPU.Build.0 = Debug|Any CPU
		{90E0C934-1BA1-413A-B259-DDD792D07ADD}.Release|Any CPU.ActiveCfg = Release|Any CPU
		{90E0C934-1BA1-413A-B259-DDD792D07ADD}.Release|Any CPU.Build.0 = Release|Any CPU
	EndGlobalSection
	GlobalSection(SolutionProperties) = preSolution
		HideSolutionNode = FALSE
	EndGlobalSection
	GlobalSection(ExtensibilityGlobals) = postSolution
		SolutionGuid = {7FED6E7A-0DFE-4BA1-B52C-D11D4BA68F63}
	EndGlobalSection
EndGlobal
